Microsoft Visual Studio Solution File, Format Version 11.00
# Visual Studio 2008

Project("{4C994298-64C9-DAFC-A831-F052DBEC9B3F}") = "EgyptGameAR-Demo", "Assembly-CSharp.csproj", "{9085CF3E-BCA2-D19D-7FD7-E2993F33CF89}"
EndProject
Project("{4C994298-64C9-DAFC-A831-F052DBEC9B3F}") = "EgyptGameAR-Demo", "Assembly-CSharp-Editor.csproj", "{BAFD2124-0A45-9101-6AFD-D521BFFCA870}"
EndProject
Project("{4C994298-64C9-DAFC-A831-F052DBEC9B3F}") = "EgyptGameAR-Demo", "Assembly-UnityScript-Editor-firstpass.unityproj", "{70870113-926C-282E-3740-8ABE4FFCD3EA}"
EndProject
Global
	GlobalSection(SolutionConfigurationPlatforms) = preSolution
		Debug|Any CPU = Debug|Any CPU
		Release|Any CPU = Release|Any CPU
	EndGlobalSection
	GlobalSection(ProjectConfigurationPlatforms) = postSolution
		{9085CF3E-BCA2-D19D-7FD7-E2993F33CF89}.Debug|Any CPU.ActiveCfg = Debug|Any CPU
		{9085CF3E-BCA2-D19D-7FD7-E2993F33CF89}.Debug|Any CPU.Build.0 = Debug|Any CPU
		{9085CF3E-BCA2-D19D-7FD7-E2993F33CF89}.Release|Any CPU.ActiveCfg = Release|Any CPU
		{9085CF3E-BCA2-D19D-7FD7-E2993F33CF89}.Release|Any CPU.Build.0 = Release|Any CPU
		{BAFD2124-0A45-9101-6AFD-D521BFFCA870}.Debug|Any CPU.ActiveCfg = Debug|Any CPU
		{BAFD2124-0A45-9101-6AFD-D521BFFCA870}.Debug|Any CPU.Build.0 = Debug|Any CPU
		{BAFD2124-0A45-9101-6AFD-D521BFFCA870}.Release|Any CPU.ActiveCfg = Release|Any CPU
		{BAFD2124-0A45-9101-6AFD-D521BFFCA870}.Release|Any CPU.Build.0 = Release|Any CPU
		{70870113-926C-282E-3740-8ABE4FFCD3EA}.Debug|Any CPU.ActiveCfg = Debug|Any CPU
		{70870113-926C-282E-3740-8ABE4FFCD3EA}.Debug|Any CPU.Build.0 = Debug|Any CPU
		{70870113-926C-282E-3740-8ABE4FFCD3EA}.Release|Any CPU.ActiveCfg = Release|Any CPU
		{70870113-926C-282E-3740-8ABE4FFCD3EA}.Release|Any CPU.Build.0 = Release|Any CPU
	EndGlobalSection
	GlobalSection(SolutionProperties) = preSolution
		HideSolutionNode = FALSE
	EndGlobalSection
																										GlobalSection(MonoDevelopProperties) = preSolution
		StartupItem = Assembly-CSharp.csproj
		Policies = $0
		$0.TextStylePolicy = $1
		$1.inheritsSet = null
		$1.scope = text/x-csharp
		$0.CSharpFormattingPolicy = $2
		$2.inheritsSet = Mono
		$2.inheritsScope = text/x-csharp
		$2.scope = text/x-csharp
		$0.TextStylePolicy = $3
		$3.FileWidth = 120
		$3.TabWidth = 4
		$3.IndentWidth = 4
		$3.EolMarker = Unix
		$3.inheritsSet = Mono
		$3.inheritsScope = text/plain
		$3.scope = text/plain
	EndGlobalSection

EndGlobal
